
Microsoft Visual Studio Solution File, Format Version 12.00
# Visual Studio 15
VisualStudioVersion = 15.0.28307.421
MinimumVisualStudioVersion = 10.0.40219.1
Project("{FAE04EC0-301F-11D3-BF4B-00C04F79EFBC}") = "Conversion", "Conversion\Conversion.csproj", "{B2C5D812-D1F1-4C9E-B328-50D914D9D8C3}"
EndProject
Global
	GlobalSection(SolutionConfigurationPlatforms) = preSolution
		Debug|Any CPU = Debug|Any CPU
		Release|Any CPU = Release|Any CPU
	EndGlobalSection
	GlobalSection(ProjectConfigurationPlatforms) = postSolution
		{B2C5D812-D1F1-4C9E-B328-50D914D9D8C3}.Debug|Any CPU.ActiveCfg = Debug|Any CPU
		{B2C5D812-D1F1-4C9E-B328-50D914D9D8C3}.Debug|Any CPU.Build.0 = Debug|Any CPU
		{B2C5D812-D1F1-4C9E-B328-50D914D9D8C3}.Release|Any CPU.ActiveCfg = Release|Any CPU
		{B2C5D812-D1F1-4C9E-B328-50D914D9D8C3}.Release|Any CPU.Build.0 = Release|Any CPU
	EndGlobalSection
	GlobalSection(SolutionProperties) = preSolution
		HideSolutionNode = FALSE
	EndGlobalSection
	GlobalSection(ExtensibilityGlobals) = postSolution
		SolutionGuid = {716CE4BB-E8C3-4CC3-9862-46499F37F9B4}
	EndGlobalSection
EndGlobal
